
Microsoft Visual Studio Solution File, Format Version 12.00
# Visual Studio Version 17
VisualStudioVersion = 17.14.36511.14
MinimumVisualStudioVersion = 10.0.40219.1
Project("{2150E333-8FDC-42A3-9474-1A3956D46DE8}") = "src", "src", "{02EA681E-C7D8-13C7-8484-4AC65E1B71E8}"
EndProject
Project("{2150E333-8FDC-42A3-9474-1A3956D46DE8}") = "test", "test", "{0F961F7C-DE88-4A05-9390-F3C259950B6D}"
EndProject
Project("{2150E333-8FDC-42A3-9474-1A3956D46DE8}") = "APIs", "APIs", "{1B363BE2-2C03-4850-8D80-F84CBA8EFCA8}"
EndProject
Project("{2150E333-8FDC-42A3-9474-1A3956D46DE8}") = "Infrastructure", "Infrastructure", "{1E0726E3-AF40-4479-A8F7-6D46BBBD428E}"
EndProject
Project("{2150E333-8FDC-42A3-9474-1A3956D46DE8}") = "Core", "Core", "{A5459E76-F753-4ACD-BF80-77636C9CEF91}"
EndProject
Project("{2150E333-8FDC-42A3-9474-1A3956D46DE8}") = "UI", "UI", "{FBD0DE80-846E-4945-A775-3F0CCA38DAED}"
EndProject
Project("{FAE04EC0-301F-11D3-BF4B-00C04F79EFBC}") = "Arabeya.APIs", "Arabeya.APIs\Arabeya.APIs.csproj", "{69EE520B-FA4B-44CC-AEE1-D3E4F52AD432}"
EndProject
Project("{FAE04EC0-301F-11D3-BF4B-00C04F79EFBC}") = "Arabeya.APIs.Controllers", "Arabeya.APIs.Controllers\Arabeya.APIs.Controllers.csproj", "{ED5F2AC3-47DE-4F23-BC4D-FDE274A9EFC0}"
EndProject
Project("{FAE04EC0-301F-11D3-BF4B-00C04F79EFBC}") = "Arabeya.Core.Domain", "Arabeya.Core.Domain\Arabeya.Core.Domain.csproj", "{836D8D76-94F4-4727-8AEF-45E74F662255}"
EndProject
Project("{FAE04EC0-301F-11D3-BF4B-00C04F79EFBC}") = "Arabeya.Core.Application", "Arabeya.Core.Application\Arabeya.Core.Application.csproj", "{25B5D13D-AD8F-4B99-9421-673B1BFF91A3}"
EndProject
Project("{FAE04EC0-301F-11D3-BF4B-00C04F79EFBC}") = "Arabeya.Core.Application.Abstraction", "Arabeya.Core.Application.Abstraction\Arabeya.Core.Application.Abstraction.csproj", "{B764A276-644D-422F-8E17-DC3E5B095A08}"
EndProject
Project("{FAE04EC0-301F-11D3-BF4B-00C04F79EFBC}") = "Arabeya.Infrastructure", "Arabeya.Infrastructure\Arabeya.Infrastructure.csproj", "{8B0AFCC5-37C8-4AD7-82F6-C81BD2AF5227}"
EndProject
Project("{FAE04EC0-301F-11D3-BF4B-00C04F79EFBC}") = "Arabeya.Infrastructure.Persistence", "Arabeya.Infrastructure.Persistence\Arabeya.Infrastructure.Persistence.csproj", "{391CE494-D99E-4826-9CD4-D4835BC2C6AE}"
EndProject
Project("{2150E333-8FDC-42A3-9474-1A3956D46DE8}") = "Shared", "Shared", "{76A3E873-52D2-4732-AFC5-24AA2F8ED04C}"
EndProject
Project("{FAE04EC0-301F-11D3-BF4B-00C04F79EFBC}") = "Arabeya.Shared", "Arabeya.Shared\Arabeya.Shared.csproj", "{6E2EF10A-02EB-41E9-8DEE-69F78A602185}"
EndProject
Global
	GlobalSection(SolutionConfigurationPlatforms) = preSolution
		Debug|Any CPU = Debug|Any CPU
		Release|Any CPU = Release|Any CPU
	EndGlobalSection
	GlobalSection(ProjectConfigurationPlatforms) = postSolution
		{69EE520B-FA4B-44CC-AEE1-D3E4F52AD432}.Debug|Any CPU.ActiveCfg = Debug|Any CPU
		{69EE520B-FA4B-44CC-AEE1-D3E4F52AD432}.Debug|Any CPU.Build.0 = Debug|Any CPU
		{69EE520B-FA4B-44CC-AEE1-D3E4F52AD432}.Release|Any CPU.ActiveCfg = Release|Any CPU
		{69EE520B-FA4B-44CC-AEE1-D3E4F52AD432}.Release|Any CPU.Build.0 = Release|Any CPU
		{ED5F2AC3-47DE-4F23-BC4D-FDE274A9EFC0}.Debug|Any CPU.ActiveCfg = Debug|Any CPU
		{ED5F2AC3-47DE-4F23-BC4D-FDE274A9EFC0}.Debug|Any CPU.Build.0 = Debug|Any CPU
		{ED5F2AC3-47DE-4F23-BC4D-FDE274A9EFC0}.Release|Any CPU.ActiveCfg = Release|Any CPU
		{ED5F2AC3-47DE-4F23-BC4D-FDE274A9EFC0}.Release|Any CPU.Build.0 = Release|Any CPU
		{836D8D76-94F4-4727-8AEF-45E74F662255}.Debug|Any CPU.ActiveCfg = Debug|Any CPU
		{836D8D76-94F4-4727-8AEF-45E74F662255}.Debug|Any CPU.Build.0 = Debug|Any CPU
		{836D8D76-94F4-4727-8AEF-45E74F662255}.Release|Any CPU.ActiveCfg = Release|Any CPU
		{836D8D76-94F4-4727-8AEF-45E74F662255}.Release|Any CPU.Build.0 = Release|Any CPU
		{25B5D13D-AD8F-4B99-9421-673B1BFF91A3}.Debug|Any CPU.ActiveCfg = Debug|Any CPU
		{25B5D13D-AD8F-4B99-9421-673B1BFF91A3}.Debug|Any CPU.Build.0 = Debug|Any CPU
		{25B5D13D-AD8F-4B99-9421-673B1BFF91A3}.Release|Any CPU.ActiveCfg = Release|Any CPU
		{25B5D13D-AD8F-4B99-9421-673B1BFF91A3}.Release|Any CPU.Build.0 = Release|Any CPU
		{B764A276-644D-422F-8E17-DC3E5B095A08}.Debug|Any CPU.ActiveCfg = Debug|Any CPU
		{B764A276-644D-422F-8E17-DC3E5B095A08}.Debug|Any CPU.Build.0 = Debug|Any CPU
		{B764A276-644D-422F-8E17-DC3E5B095A08}.Release|Any CPU.ActiveCfg = Release|Any CPU
		{B764A276-644D-422F-8E17-DC3E5B095A08}.Release|Any CPU.Build.0 = Release|Any CPU
		{8B0AFCC5-37C8-4AD7-82F6-C81BD2AF5227}.Debug|Any CPU.ActiveCfg = Debug|Any CPU
		{8B0AFCC5-37C8-4AD7-82F6-C81BD2AF5227}.Debug|Any CPU.Build.0 = Debug|Any CPU
		{8B0AFCC5-37C8-4AD7-82F6-C81BD2AF5227}.Release|Any CPU.ActiveCfg = Release|Any CPU
		{8B0AFCC5-37C8-4AD7-82F6-C81BD2AF5227}.Release|Any CPU.Build.0 = Release|Any CPU
		{391CE494-D99E-4826-9CD4-D4835BC2C6AE}.Debug|Any CPU.ActiveCfg = Debug|Any CPU
		{391CE494-D99E-4826-9CD4-D4835BC2C6AE}.Debug|Any CPU.Build.0 = Debug|Any CPU
		{391CE494-D99E-4826-9CD4-D4835BC2C6AE}.Release|Any CPU.ActiveCfg = Release|Any CPU
		{391CE494-D99E-4826-9CD4-D4835BC2C6AE}.Release|Any CPU.Build.0 = Release|Any CPU
		{6E2EF10A-02EB-41E9-8DEE-69F78A602185}.Debug|Any CPU.ActiveCfg = Debug|Any CPU
		{6E2EF10A-02EB-41E9-8DEE-69F78A602185}.Debug|Any CPU.Build.0 = Debug|Any CPU
		{6E2EF10A-02EB-41E9-8DEE-69F78A602185}.Release|Any CPU.ActiveCfg = Release|Any CPU
		{6E2EF10A-02EB-41E9-8DEE-69F78A602185}.Release|Any CPU.Build.0 = Release|Any CPU
	EndGlobalSection
	GlobalSection(SolutionProperties) = preSolution
		HideSolutionNode = FALSE
	EndGlobalSection
	GlobalSection(NestedProjects) = preSolution
		{1B363BE2-2C03-4850-8D80-F84CBA8EFCA8} = {02EA681E-C7D8-13C7-8484-4AC65E1B71E8}
		{1E0726E3-AF40-4479-A8F7-6D46BBBD428E} = {02EA681E-C7D8-13C7-8484-4AC65E1B71E8}
		{A5459E76-F753-4ACD-BF80-77636C9CEF91} = {02EA681E-C7D8-13C7-8484-4AC65E1B71E8}
		{FBD0DE80-846E-4945-A775-3F0CCA38DAED} = {02EA681E-C7D8-13C7-8484-4AC65E1B71E8}
		{69EE520B-FA4B-44CC-AEE1-D3E4F52AD432} = {1B363BE2-2C03-4850-8D80-F84CBA8EFCA8}
		{ED5F2AC3-47DE-4F23-BC4D-FDE274A9EFC0} = {1B363BE2-2C03-4850-8D80-F84CBA8EFCA8}
		{836D8D76-94F4-4727-8AEF-45E74F662255} = {A5459E76-F753-4ACD-BF80-77636C9CEF91}
		{25B5D13D-AD8F-4B99-9421-673B1BFF91A3} = {A5459E76-F753-4ACD-BF80-77636C9CEF91}
		{B764A276-644D-422F-8E17-DC3E5B095A08} = {A5459E76-F753-4ACD-BF80-77636C9CEF91}
		{8B0AFCC5-37C8-4AD7-82F6-C81BD2AF5227} = {1E0726E3-AF40-4479-A8F7-6D46BBBD428E}
		{391CE494-D99E-4826-9CD4-D4835BC2C6AE} = {1E0726E3-AF40-4479-A8F7-6D46BBBD428E}
		{76A3E873-52D2-4732-AFC5-24AA2F8ED04C} = {02EA681E-C7D8-13C7-8484-4AC65E1B71E8}
		{6E2EF10A-02EB-41E9-8DEE-69F78A602185} = {76A3E873-52D2-4732-AFC5-24AA2F8ED04C}
	EndGlobalSection
	GlobalSection(ExtensibilityGlobals) = postSolution
		SolutionGuid = {CC36EF98-257B-42D4-A7FE-2A719DBCFFED}
	EndGlobalSection
EndGlobal
